// !$*UTF8*$!
{
	archiveVersion = 1;
	classes = {
	};
	objectVersion = 46;
	objects = {

/* Begin PBXBuildFile section */
		1A05A47C1E9A31AB003B8104 /* TexturePool.swift in Sources */ = {isa = PBXBuildFile; fileRef = 1A05A47B1E9A31AB003B8104 /* TexturePool.swift */; };
		1A05A4851E9A62BC003B8104 /* maria_warming_up.fbx in Resources */ = {isa = PBXBuildFile; fileRef = 1A05A4841E9A62BC003B8104 /* maria_warming_up.fbx */; };
		1A05A48D1E9A674B003B8104 /* beta_breathing_idle.fbx in Resources */ = {isa = PBXBuildFile; fileRef = 1A05A48B1E9A674B003B8104 /* beta_breathing_idle.fbx */; };
		1A05A48E1E9A674B003B8104 /* beta_warming_up.fbx in Resources */ = {isa = PBXBuildFile; fileRef = 1A05A48C1E9A674B003B8104 /* beta_warming_up.fbx */; };
		1A05A4901E9A6767003B8104 /* beta.fbx in Resources */ = {isa = PBXBuildFile; fileRef = 1A05A48F1E9A6767003B8104 /* beta.fbx */; };
		1A05A4951E9A6773003B8104 /* maria_diffuse.png in Resources */ = {isa = PBXBuildFile; fileRef = 1A05A4911E9A6773003B8104 /* maria_diffuse.png */; };
		1A05A4961E9A6773003B8104 /* maria_specular.png in Resources */ = {isa = PBXBuildFile; fileRef = 1A05A4921E9A6773003B8104 /* maria_specular.png */; };
		1A05A49F1E9A6987003B8104 /* vampire_diffuse.png in Resources */ = {isa = PBXBuildFile; fileRef = 1A05A49D1E9A6987003B8104 /* vampire_diffuse.png */; };
		1A05A4A01E9A6987003B8104 /* vampire_specular.png in Resources */ = {isa = PBXBuildFile; fileRef = 1A05A49E1E9A6987003B8104 /* vampire_specular.png */; };
		1A05A4A61E9A826C003B8104 /* beta_elbow_punch.fbx in Resources */ = {isa = PBXBuildFile; fileRef = 1A05A4A51E9A826B003B8104 /* beta_elbow_punch.fbx */; };
		1A05A4A81E9A8E37003B8104 /* libfbxsdk.a in Frameworks */ = {isa = PBXBuildFile; fileRef = 1A05A4A71E9A8E37003B8104 /* libfbxsdk.a */; };
		1A05A4AC1E9A9158003B8104 /* FBXLoader.cpp in Sources */ = {isa = PBXBuildFile; fileRef = 1A05A4AB1E9A9158003B8104 /* FBXLoader.cpp */; };
		1A05A4AF1E9ABAD2003B8104 /* FBXLoaderCInterface.cpp in Sources */ = {isa = PBXBuildFile; fileRef = 1A05A4AD1E9ABAD2003B8104 /* FBXLoaderCInterface.cpp */; };
		1A1788051E637A270087DE26 /* libARgsub_es2.a in Frameworks */ = {isa = PBXBuildFile; fileRef = 1A6BA3E11E5E223800D136D5 /* libARgsub_es2.a */; };
		1A1788061E637A270087DE26 /* libARICP.a in Frameworks */ = {isa = PBXBuildFile; fileRef = 1A6BA3E31E5E225500D136D5 /* libARICP.a */; };
		1A1788081E637A400087DE26 /* QuartzCore.framework in Frameworks */ = {isa = PBXBuildFile; fileRef = 1A1788071E637A400087DE26 /* QuartzCore.framework */; };
		1A17880B1E640D950087DE26 /* camera_para.dat in Resources */ = {isa = PBXBuildFile; fileRef = 1A17880A1E640D950087DE26 /* camera_para.dat */; };
		1A17880D1E640D9E0087DE26 /* hiro.patt in Resources */ = {isa = PBXBuildFile; fileRef = 1A17880C1E640D9E0087DE26 /* hiro.patt */; };
		1A22E5DD1EB38ECF0013D588 /* EntityLoader.swift in Sources */ = {isa = PBXBuildFile; fileRef = 1A22E5DC1EB38ECF0013D588 /* EntityLoader.swift */; };
		1A22E5E81EB638CB0013D588 /* maria.fbx in Resources */ = {isa = PBXBuildFile; fileRef = 1A22E5E71EB638CB0013D588 /* maria.fbx */; };
		1A22E5EE1EB6BFC10013D588 /* vampire.fbx in Resources */ = {isa = PBXBuildFile; fileRef = 1A22E5ED1EB6BFC10013D588 /* vampire.fbx */; };
		1A22E5F31EB72C2F0013D588 /* maria.xml in Resources */ = {isa = PBXBuildFile; fileRef = 1A22E5F11EB72C2F0013D588 /* maria.xml */; };
		1A22E5F41EB72C2F0013D588 /* vampire.xml in Resources */ = {isa = PBXBuildFile; fileRef = 1A22E5F21EB72C2F0013D588 /* vampire.xml */; };
		1A22E5F61EB735AC0013D588 /* beta.xml in Resources */ = {isa = PBXBuildFile; fileRef = 1A22E5F51EB735AC0013D588 /* beta.xml */; };
		1A22E5F81EB739850013D588 /* maria_breathing_idle.fbx in Resources */ = {isa = PBXBuildFile; fileRef = 1A22E5F71EB739850013D588 /* maria_breathing_idle.fbx */; };
		1A22E5FA1EB73C770013D588 /* maria_breathing_idle2.fbx in Resources */ = {isa = PBXBuildFile; fileRef = 1A22E5F91EB73C770013D588 /* maria_breathing_idle2.fbx */; };
		1A22E5FE1EB73F740013D588 /* pumpkin_diffuse.png in Resources */ = {isa = PBXBuildFile; fileRef = 1A22E5FC1EB73F740013D588 /* pumpkin_diffuse.png */; };
		1A22E5FF1EB73F740013D588 /* pumpkin.fbx in Resources */ = {isa = PBXBuildFile; fileRef = 1A22E5FD1EB73F740013D588 /* pumpkin.fbx */; };
		1A22E6011EB73FA30013D588 /* pumpkin.xml in Resources */ = {isa = PBXBuildFile; fileRef = 1A22E6001EB73FA30013D588 /* pumpkin.xml */; };
		1A22E6061EB744F40013D588 /* ely_diffuse.png in Resources */ = {isa = PBXBuildFile; fileRef = 1A22E6031EB744F40013D588 /* ely_diffuse.png */; };
		1A22E6071EB744F40013D588 /* ely_specular.png in Resources */ = {isa = PBXBuildFile; fileRef = 1A22E6041EB744F40013D588 /* ely_specular.png */; };
		1A22E6081EB744F40013D588 /* ely.fbx in Resources */ = {isa = PBXBuildFile; fileRef = 1A22E6051EB744F40013D588 /* ely.fbx */; };
		1A22E60A1EB745060013D588 /* ely.xml in Resources */ = {isa = PBXBuildFile; fileRef = 1A22E6091EB745060013D588 /* ely.xml */; };
		1A22E60F1EB746500013D588 /* vanguard_diffuse.png in Resources */ = {isa = PBXBuildFile; fileRef = 1A22E60C1EB746500013D588 /* vanguard_diffuse.png */; };
		1A22E6101EB746500013D588 /* vanguard_specular.png in Resources */ = {isa = PBXBuildFile; fileRef = 1A22E60D1EB746500013D588 /* vanguard_specular.png */; };
		1A22E6111EB746500013D588 /* vanguard.fbx in Resources */ = {isa = PBXBuildFile; fileRef = 1A22E60E1EB746500013D588 /* vanguard.fbx */; };
		1A22E6131EB746690013D588 /* vanguard.xml in Resources */ = {isa = PBXBuildFile; fileRef = 1A22E6121EB746690013D588 /* vanguard.xml */; };
		1A22E6161EB748990013D588 /* ganfaul.xml in Resources */ = {isa = PBXBuildFile; fileRef = 1A22E6151EB748990013D588 /* ganfaul.xml */; };
		1A22E61A1EB748AF0013D588 /* ganfaul_diffuse.png in Resources */ = {isa = PBXBuildFile; fileRef = 1A22E6171EB748AF0013D588 /* ganfaul_diffuse.png */; };
		1A22E61B1EB748AF0013D588 /* ganfaul_specular.png in Resources */ = {isa = PBXBuildFile; fileRef = 1A22E6181EB748AF0013D588 /* ganfaul_specular.png */; };
		1A22E61C1EB748AF0013D588 /* ganfaul.fbx in Resources */ = {isa = PBXBuildFile; fileRef = 1A22E6191EB748AF0013D588 /* ganfaul.fbx */; };
		1A3036281E8566B500484367 /* EffectMatAnim.swift in Sources */ = {isa = PBXBuildFile; fileRef = 1A3036271E8566B500484367 /* EffectMatAnim.swift */; };
		1A30362C1E856B1D00484367 /* ShaderAnimation.vsh in Resources */ = {isa = PBXBuildFile; fileRef = 1A30362A1E856B1D00484367 /* ShaderAnimation.vsh */; };
		1A435D5B1E83BB6F00D44433 /* Vertex.swift in Sources */ = {isa = PBXBuildFile; fileRef = 1A435D5A1E83BB6F00D44433 /* Vertex.swift */; };
		1A435D5D1E83BBC000D44433 /* Material.swift in Sources */ = {isa = PBXBuildFile; fileRef = 1A435D5C1E83BBC000D44433 /* Material.swift */; };
		1A44925D1E96A9B900C27B4B /* Entity.swift in Sources */ = {isa = PBXBuildFile; fileRef = 1A44925C1E96A9B900C27B4B /* Entity.swift */; };
		1A44926F1E9787BD00C27B4B /* Mesh.swift in Sources */ = {isa = PBXBuildFile; fileRef = 1A44926E1E9787BD00C27B4B /* Mesh.swift */; };
		1A4492751E978CC600C27B4B /* Model.swift in Sources */ = {isa = PBXBuildFile; fileRef = 1A4492741E978CC600C27B4B /* Model.swift */; };
		1A4492781E9790B000C27B4B /* Scene.swift in Sources */ = {isa = PBXBuildFile; fileRef = 1A4492771E9790B000C27B4B /* Scene.swift */; };
		1A44927A1E979F5C00C27B4B /* FirstScene.swift in Sources */ = {isa = PBXBuildFile; fileRef = 1A4492791E979F5B00C27B4B /* FirstScene.swift */; };
		1A44DCC11E55F34C0036E753 /* AppDelegate.swift in Sources */ = {isa = PBXBuildFile; fileRef = 1A44DCC01E55F34C0036E753 /* AppDelegate.swift */; };
		1A44DCC71E55F34C0036E753 /* GameViewController.swift in Sources */ = {isa = PBXBuildFile; fileRef = 1A44DCC61E55F34C0036E753 /* GameViewController.swift */; };
		1A44DCCA1E55F34C0036E753 /* Main.storyboard in Resources */ = {isa = PBXBuildFile; fileRef = 1A44DCC81E55F34C0036E753 /* Main.storyboard */; };
		1A44DCCC1E55F34C0036E753 /* Assets.xcassets in Resources */ = {isa = PBXBuildFile; fileRef = 1A44DCCB1E55F34C0036E753 /* Assets.xcassets */; };
		1A44DCCF1E55F34C0036E753 /* LaunchScreen.storyboard in Resources */ = {isa = PBXBuildFile; fileRef = 1A44DCCD1E55F34C0036E753 /* LaunchScreen.storyboard */; };
		1A44DCDA1E55F34C0036E753 /* ARGameTests.swift in Sources */ = {isa = PBXBuildFile; fileRef = 1A44DCD91E55F34C0036E753 /* ARGameTests.swift */; };
		1A44DCE51E55F34C0036E753 /* ARGameUITests.swift in Sources */ = {isa = PBXBuildFile; fileRef = 1A44DCE41E55F34C0036E753 /* ARGameUITests.swift */; };
		1A44DCF31E55F87E0036E753 /* MainMenuController.swift in Sources */ = {isa = PBXBuildFile; fileRef = 1A44DCF21E55F87E0036E753 /* MainMenuController.swift */; };
		1A44DCF61E55FEC40036E753 /* ModelLoader.swift in Sources */ = {isa = PBXBuildFile; fileRef = 1A44DCF51E55FEC40036E753 /* ModelLoader.swift */; };
		1A4F606F1E5CBE7400B4C602 /* libAR.a in Frameworks */ = {isa = PBXBuildFile; fileRef = 1A4F606E1E5CBE7400B4C602 /* libAR.a */; };
		1A4F60721E5CCFA700B4C602 /* ARHandler.m in Sources */ = {isa = PBXBuildFile; fileRef = 1A4F60711E5CCFA700B4C602 /* ARHandler.m */; };
		1A6607A21E7A808D00FAF78B /* Animation.swift in Sources */ = {isa = PBXBuildFile; fileRef = 1A6607A11E7A808D00FAF78B /* Animation.swift */; };
		1A6BA3F61E5E22B700D136D5 /* Accelerate.framework in Frameworks */ = {isa = PBXBuildFile; fileRef = 1A6BA3F51E5E22B700D136D5 /* Accelerate.framework */; };
		1A6BA3F71E5E22E600D136D5 /* libARvideo.a in Frameworks */ = {isa = PBXBuildFile; fileRef = 1A6BA3DF1E5E21FE00D136D5 /* libARvideo.a */; };
		1A755C231E59C95F00E2FFBC /* libassimp-fat.a in Frameworks */ = {isa = PBXBuildFile; fileRef = 1A755C221E59C95F00E2FFBC /* libassimp-fat.a */; };
		1A755C2A1E59E0A100E2FFBC /* AssimpLoader.cpp in Sources */ = {isa = PBXBuildFile; fileRef = 1A755C281E59E0A100E2FFBC /* AssimpLoader.cpp */; };
		1A755C2E1E5A163800E2FFBC /* libz.tbd in Frameworks */ = {isa = PBXBuildFile; fileRef = 1A755C2D1E5A163800E2FFBC /* libz.tbd */; };
		1AA85D651E64521B00B7BAAC /* camera_para-iPhone 6 Plus rear 1280x720 0.3m.dat in Resources */ = {isa = PBXBuildFile; fileRef = 1AA85D641E64521B00B7BAAC /* camera_para-iPhone 6 Plus rear 1280x720 0.3m.dat */; };
		1AC181221E71DF7B008C07F3 /* Shader.swift in Sources */ = {isa = PBXBuildFile; fileRef = 1AC181211E71DF7B008C07F3 /* Shader.swift */; };
		1AC1816C1E72C1AE008C07F3 /* Effect.swift in Sources */ = {isa = PBXBuildFile; fileRef = 1AC1816B1E72C1AD008C07F3 /* Effect.swift */; };
		1AC181701E734D4E008C07F3 /* EffectBasic.swift in Sources */ = {isa = PBXBuildFile; fileRef = 1AC1816F1E734D4E008C07F3 /* EffectBasic.swift */; };
		1AC181731E735597008C07F3 /* EffectMaterial.swift in Sources */ = {isa = PBXBuildFile; fileRef = 1AC181721E735597008C07F3 /* EffectMaterial.swift */; };
		1AC181761E7355E0008C07F3 /* ShaderBasic.fsh in Resources */ = {isa = PBXBuildFile; fileRef = 1AC181741E7355E0008C07F3 /* ShaderBasic.fsh */; };
		1AC181771E7355E0008C07F3 /* ShaderBasic.vsh in Resources */ = {isa = PBXBuildFile; fileRef = 1AC181751E7355E0008C07F3 /* ShaderBasic.vsh */; };
		1AC1817A1E7356D0008C07F3 /* ShaderMaterial.fsh in Resources */ = {isa = PBXBuildFile; fileRef = 1AC181781E7356D0008C07F3 /* ShaderMaterial.fsh */; };
		1AC1817B1E7356D0008C07F3 /* ShaderMaterial.vsh in Resources */ = {isa = PBXBuildFile; fileRef = 1AC181791E7356D0008C07F3 /* ShaderMaterial.vsh */; };
		1ADFA8B81E64C05900588345 /* AssimpLoaderCInterface.cpp in Sources */ = {isa = PBXBuildFile; fileRef = 1ADFA8B71E64C05900588345 /* AssimpLoaderCInterface.cpp */; };
		1AE317931E93C49900972BC2 /* Skeleton.swift in Sources */ = {isa = PBXBuildFile; fileRef = 1AE317921E93C49900972BC2 /* Skeleton.swift */; };
		1AE8748F1E97ED39009F1D4A /* AnimationLoader.swift in Sources */ = {isa = PBXBuildFile; fileRef = 1AE8748E1E97ED39009F1D4A /* AnimationLoader.swift */; };
/* End PBXBuildFile section */

/* Begin PBXContainerItemProxy section */
		1A44DCD61E55F34C0036E753 /* PBXContainerItemProxy */ = {
			isa = PBXContainerItemProxy;
			containerPortal = 1A44DCB51E55F34C0036E753 /* Project object */;
			proxyType = 1;
			remoteGlobalIDString = 1A44DCBC1E55F34C0036E753;
			remoteInfo = ARGame;
		};
		1A44DCE11E55F34C0036E753 /* PBXContainerItemProxy */ = {
			isa = PBXContainerItemProxy;
			containerPortal = 1A44DCB51E55F34C0036E753 /* Project object */;
			proxyType = 1;
			remoteGlobalIDString = 1A44DCBC1E55F34C0036E753;
			remoteInfo = ARGame;
		};
/* End PBXContainerItemProxy section */

/* Begin PBXFileReference section */
		1A05A47B1E9A31AB003B8104 /* TexturePool.swift */ = {isa = PBXFileReference; fileEncoding = 4; lastKnownFileType = sourcecode.swift; path = TexturePool.swift; sourceTree = "<group>"; };
		1A05A4841E9A62BC003B8104 /* maria_warming_up.fbx */ = {isa = PBXFileReference; lastKnownFileType = file; name = maria_warming_up.fbx; path = Assets/Animations/Maria/maria_warming_up.fbx; sourceTree = "<group>"; };
		1A05A48B1E9A674B003B8104 /* beta_breathing_idle.fbx */ = {isa = PBXFileReference; lastKnownFileType = file; name = beta_breathing_idle.fbx; path = Assets/Animations/Beta/beta_breathing_idle.fbx; sourceTree = "<group>"; };
		1A05A48C1E9A674B003B8104 /* beta_warming_up.fbx */ = {isa = PBXFileReference; lastKnownFileType = file; name = beta_warming_up.fbx; path = Assets/Animations/Beta/beta_warming_up.fbx; sourceTree = "<group>"; };
		1A05A48F1E9A6767003B8104 /* beta.fbx */ = {isa = PBXFileReference; lastKnownFileType = file; name = beta.fbx; path = Assets/Characters/Beta/beta.fbx; sourceTree = "<group>"; };
		1A05A4911E9A6773003B8104 /* maria_diffuse.png */ = {isa = PBXFileReference; lastKnownFileType = image.png; name = maria_diffuse.png; path = Assets/Characters/Maria/maria_diffuse.png; sourceTree = "<group>"; };
		1A05A4921E9A6773003B8104 /* maria_specular.png */ = {isa = PBXFileReference; lastKnownFileType = image.png; name = maria_specular.png; path = Assets/Characters/Maria/maria_specular.png; sourceTree = "<group>"; };
		1A05A49D1E9A6987003B8104 /* vampire_diffuse.png */ = {isa = PBXFileReference; lastKnownFileType = image.png; name = vampire_diffuse.png; path = Assets/Characters/Vampire/vampire_diffuse.png; sourceTree = "<group>"; };
		1A05A49E1E9A6987003B8104 /* vampire_specular.png */ = {isa = PBXFileReference; lastKnownFileType = image.png; name = vampire_specular.png; path = Assets/Characters/Vampire/vampire_specular.png; sourceTree = "<group>"; };
		1A05A4A51E9A826B003B8104 /* beta_elbow_punch.fbx */ = {isa = PBXFileReference; lastKnownFileType = file; name = beta_elbow_punch.fbx; path = Assets/Animations/Beta/beta_elbow_punch.fbx; sourceTree = "<group>"; };
		1A05A4A71E9A8E37003B8104 /* libfbxsdk.a */ = {isa = PBXFileReference; lastKnownFileType = archive.ar; name = libfbxsdk.a; path = "../../../../../../../../../Applications/Autodesk/FBX SDK/2017.1/lib/ios-armv7/release/libfbxsdk.a"; sourceTree = "<group>"; };
		1A05A4AA1E9A913E003B8104 /* FBXLoader.hpp */ = {isa = PBXFileReference; fileEncoding = 4; lastKnownFileType = sourcecode.cpp.h; path = FBXLoader.hpp; sourceTree = "<group>"; };
		1A05A4AB1E9A9158003B8104 /* FBXLoader.cpp */ = {isa = PBXFileReference; fileEncoding = 4; lastKnownFileType = sourcecode.cpp.cpp; path = FBXLoader.cpp; sourceTree = "<group>"; };
		1A05A4AD1E9ABAD2003B8104 /* FBXLoaderCInterface.cpp */ = {isa = PBXFileReference; fileEncoding = 4; lastKnownFileType = sourcecode.cpp.cpp; path = FBXLoaderCInterface.cpp; sourceTree = "<group>"; };
		1A05A4AE1E9ABAD2003B8104 /* FBXLoaderCInterface.h */ = {isa = PBXFileReference; fileEncoding = 4; lastKnownFileType = sourcecode.c.h; path = FBXLoaderCInterface.h; sourceTree = "<group>"; };
		1A1788071E637A400087DE26 /* QuartzCore.framework */ = {isa = PBXFileReference; lastKnownFileType = wrapper.framework; name = QuartzCore.framework; path = System/Library/Frameworks/QuartzCore.framework; sourceTree = SDKROOT; };
		1A17880A1E640D950087DE26 /* camera_para.dat */ = {isa = PBXFileReference; lastKnownFileType = file; name = camera_para.dat; path = Assets_AR/camera_para.dat; sourceTree = "<group>"; };
		1A17880C1E640D9E0087DE26 /* hiro.patt */ = {isa = PBXFileReference; fileEncoding = 4; lastKnownFileType = text; name = hiro.patt; path = Assets_AR/hiro.patt; sourceTree = "<group>"; };
		1A22E5DC1EB38ECF0013D588 /* EntityLoader.swift */ = {isa = PBXFileReference; fileEncoding = 4; lastKnownFileType = sourcecode.swift; path = EntityLoader.swift; sourceTree = "<group>"; };
		1A22E5E71EB638CB0013D588 /* maria.fbx */ = {isa = PBXFileReference; lastKnownFileType = file; name = maria.fbx; path = Assets/Characters/Maria/maria.fbx; sourceTree = "<group>"; };
		1A22E5ED1EB6BFC10013D588 /* vampire.fbx */ = {isa = PBXFileReference; lastKnownFileType = file; name = vampire.fbx; path = Assets/Characters/Vampire/vampire.fbx; sourceTree = "<group>"; };
		1A22E5F11EB72C2F0013D588 /* maria.xml */ = {isa = PBXFileReference; fileEncoding = 4; lastKnownFileType = text.xml; name = maria.xml; path = Assets/Character_Presets/maria.xml; sourceTree = "<group>"; };
		1A22E5F21EB72C2F0013D588 /* vampire.xml */ = {isa = PBXFileReference; fileEncoding = 4; lastKnownFileType = text.xml; name = vampire.xml; path = Assets/Character_Presets/vampire.xml; sourceTree = "<group>"; };
		1A22E5F51EB735AC0013D588 /* beta.xml */ = {isa = PBXFileReference; fileEncoding = 4; lastKnownFileType = text.xml; name = beta.xml; path = Assets/Character_Presets/beta.xml; sourceTree = "<group>"; };
		1A22E5F71EB739850013D588 /* maria_breathing_idle.fbx */ = {isa = PBXFileReference; lastKnownFileType = file; name = maria_breathing_idle.fbx; path = Assets/Animations/Maria/maria_breathing_idle.fbx; sourceTree = "<group>"; };
		1A22E5F91EB73C770013D588 /* maria_breathing_idle2.fbx */ = {isa = PBXFileReference; lastKnownFileType = file; name = maria_breathing_idle2.fbx; path = Assets/Animations/Maria/maria_breathing_idle2.fbx; sourceTree = "<group>"; };
		1A22E5FC1EB73F740013D588 /* pumpkin_diffuse.png */ = {isa = PBXFileReference; lastKnownFileType = image.png; name = pumpkin_diffuse.png; path = Assets/Characters/Pumpkin/pumpkin_diffuse.png; sourceTree = "<group>"; };
		1A22E5FD1EB73F740013D588 /* pumpkin.fbx */ = {isa = PBXFileReference; lastKnownFileType = file; name = pumpkin.fbx; path = Assets/Characters/Pumpkin/pumpkin.fbx; sourceTree = "<group>"; };
		1A22E6001EB73FA30013D588 /* pumpkin.xml */ = {isa = PBXFileReference; fileEncoding = 4; lastKnownFileType = text.xml; name = pumpkin.xml; path = Assets/Character_Presets/pumpkin.xml; sourceTree = "<group>"; };
		1A22E6031EB744F40013D588 /* ely_diffuse.png */ = {isa = PBXFileReference; lastKnownFileType = image.png; name = ely_diffuse.png; path = Assets/Characters/Ely/ely_diffuse.png; sourceTree = "<group>"; };
		1A22E6041EB744F40013D588 /* ely_specular.png */ = {isa = PBXFileReference; lastKnownFileType = image.png; name = ely_specular.png; path = Assets/Characters/Ely/ely_specular.png; sourceTree = "<group>"; };
		1A22E6051EB744F40013D588 /* ely.fbx */ = {isa = PBXFileReference; lastKnownFileType = file; name = ely.fbx; path = Assets/Characters/Ely/ely.fbx; sourceTree = "<group>"; };
		1A22E6091EB745060013D588 /* ely.xml */ = {isa = PBXFileReference; fileEncoding = 4; lastKnownFileType = text.xml; name = ely.xml; path = Assets/Character_Presets/ely.xml; sourceTree = "<group>"; };
		1A22E60C1EB746500013D588 /* vanguard_diffuse.png */ = {isa = PBXFileReference; lastKnownFileType = image.png; name = vanguard_diffuse.png; path = Assets/Characters/Vanguard/vanguard_diffuse.png; sourceTree = "<group>"; };
		1A22E60D1EB746500013D588 /* vanguard_specular.png */ = {isa = PBXFileReference; lastKnownFileType = image.png; name = vanguard_specular.png; path = Assets/Characters/Vanguard/vanguard_specular.png; sourceTree = "<group>"; };
		1A22E60E1EB746500013D588 /* vanguard.fbx */ = {isa = PBXFileReference; lastKnownFileType = file; name = vanguard.fbx; path = Assets/Characters/Vanguard/vanguard.fbx; sourceTree = "<group>"; };
		1A22E6121EB746690013D588 /* vanguard.xml */ = {isa = PBXFileReference; fileEncoding = 4; lastKnownFileType = text.xml; name = vanguard.xml; path = Assets/Character_Presets/vanguard.xml; sourceTree = "<group>"; };
		1A22E6151EB748990013D588 /* ganfaul.xml */ = {isa = PBXFileReference; fileEncoding = 4; lastKnownFileType = text.xml; name = ganfaul.xml; path = Assets/Character_Presets/ganfaul.xml; sourceTree = "<group>"; };
		1A22E6171EB748AF0013D588 /* ganfaul_diffuse.png */ = {isa = PBXFileReference; lastKnownFileType = image.png; name = ganfaul_diffuse.png; path = Assets/Characters/Ganfaul/ganfaul_diffuse.png; sourceTree = "<group>"; };
		1A22E6181EB748AF0013D588 /* ganfaul_specular.png */ = {isa = PBXFileReference; lastKnownFileType = image.png; name = ganfaul_specular.png; path = Assets/Characters/Ganfaul/ganfaul_specular.png; sourceTree = "<group>"; };
		1A22E6191EB748AF0013D588 /* ganfaul.fbx */ = {isa = PBXFileReference; lastKnownFileType = file; name = ganfaul.fbx; path = Assets/Characters/Ganfaul/ganfaul.fbx; sourceTree = "<group>"; };
		1A3036271E8566B500484367 /* EffectMatAnim.swift */ = {isa = PBXFileReference; fileEncoding = 4; lastKnownFileType = sourcecode.swift; path = EffectMatAnim.swift; sourceTree = "<group>"; };
		1A30362A1E856B1D00484367 /* ShaderAnimation.vsh */ = {isa = PBXFileReference; fileEncoding = 4; lastKnownFileType = sourcecode.glsl; name = ShaderAnimation.vsh; path = Shaders/ShaderAnimation.vsh; sourceTree = "<group>"; };
		1A435D5A1E83BB6F00D44433 /* Vertex.swift */ = {isa = PBXFileReference; fileEncoding = 4; lastKnownFileType = sourcecode.swift; path = Vertex.swift; sourceTree = "<group>"; };
		1A435D5C1E83BBC000D44433 /* Material.swift */ = {isa = PBXFileReference; fileEncoding = 4; lastKnownFileType = sourcecode.swift; path = Material.swift; sourceTree = "<group>"; };
		1A44925C1E96A9B900C27B4B /* Entity.swift */ = {isa = PBXFileReference; fileEncoding = 4; lastKnownFileType = sourcecode.swift; path = Entity.swift; sourceTree = "<group>"; };
		1A44926E1E9787BD00C27B4B /* Mesh.swift */ = {isa = PBXFileReference; fileEncoding = 4; lastKnownFileType = sourcecode.swift; path = Mesh.swift; sourceTree = "<group>"; };
		1A4492741E978CC600C27B4B /* Model.swift */ = {isa = PBXFileReference; fileEncoding = 4; lastKnownFileType = sourcecode.swift; path = Model.swift; sourceTree = "<group>"; };
		1A4492771E9790B000C27B4B /* Scene.swift */ = {isa = PBXFileReference; fileEncoding = 4; lastKnownFileType = sourcecode.swift; path = Scene.swift; sourceTree = "<group>"; };
		1A4492791E979F5B00C27B4B /* FirstScene.swift */ = {isa = PBXFileReference; fileEncoding = 4; lastKnownFileType = sourcecode.swift; path = FirstScene.swift; sourceTree = "<group>"; };
		1A44DCBD1E55F34C0036E753 /* ARGame.app */ = {isa = PBXFileReference; explicitFileType = wrapper.application; includeInIndex = 0; path = ARGame.app; sourceTree = BUILT_PRODUCTS_DIR; };
		1A44DCC01E55F34C0036E753 /* AppDelegate.swift */ = {isa = PBXFileReference; lastKnownFileType = sourcecode.swift; path = AppDelegate.swift; sourceTree = "<group>"; };
		1A44DCC61E55F34C0036E753 /* GameViewController.swift */ = {isa = PBXFileReference; lastKnownFileType = sourcecode.swift; path = GameViewController.swift; sourceTree = "<group>"; };
		1A44DCC91E55F34C0036E753 /* Base */ = {isa = PBXFileReference; lastKnownFileType = file.storyboard; name = Base; path = Base.lproj/Main.storyboard; sourceTree = "<group>"; };
		1A44DCCB1E55F34C0036E753 /* Assets.xcassets */ = {isa = PBXFileReference; lastKnownFileType = folder.assetcatalog; path = Assets.xcassets; sourceTree = "<group>"; };
		1A44DCCE1E55F34C0036E753 /* Base */ = {isa = PBXFileReference; lastKnownFileType = file.storyboard; name = Base; path = Base.lproj/LaunchScreen.storyboard; sourceTree = "<group>"; };
		1A44DCD01E55F34C0036E753 /* Info.plist */ = {isa = PBXFileReference; lastKnownFileType = text.plist.xml; path = Info.plist; sourceTree = "<group>"; };
		1A44DCD51E55F34C0036E753 /* ARGameTests.xctest */ = {isa = PBXFileReference; explicitFileType = wrapper.cfbundle; includeInIndex = 0; path = ARGameTests.xctest; sourceTree = BUILT_PRODUCTS_DIR; };
		1A44DCD91E55F34C0036E753 /* ARGameTests.swift */ = {isa = PBXFileReference; lastKnownFileType = sourcecode.swift; path = ARGameTests.swift; sourceTree = "<group>"; };
		1A44DCDB1E55F34C0036E753 /* Info.plist */ = {isa = PBXFileReference; lastKnownFileType = text.plist.xml; path = Info.plist; sourceTree = "<group>"; };
		1A44DCE01E55F34C0036E753 /* ARGameUITests.xctest */ = {isa = PBXFileReference; explicitFileType = wrapper.cfbundle; includeInIndex = 0; path = ARGameUITests.xctest; sourceTree = BUILT_PRODUCTS_DIR; };
		1A44DCE41E55F34C0036E753 /* ARGameUITests.swift */ = {isa = PBXFileReference; lastKnownFileType = sourcecode.swift; path = ARGameUITests.swift; sourceTree = "<group>"; };
		1A44DCE61E55F34C0036E753 /* Info.plist */ = {isa = PBXFileReference; lastKnownFileType = text.plist.xml; path = Info.plist; sourceTree = "<group>"; };
		1A44DCF21E55F87E0036E753 /* MainMenuController.swift */ = {isa = PBXFileReference; fileEncoding = 4; lastKnownFileType = sourcecode.swift; path = MainMenuController.swift; sourceTree = "<group>"; };
		1A44DCF51E55FEC40036E753 /* ModelLoader.swift */ = {isa = PBXFileReference; fileEncoding = 4; lastKnownFileType = sourcecode.swift; path = ModelLoader.swift; sourceTree = "<group>"; };
		1A4F606E1E5CBE7400B4C602 /* libAR.a */ = {isa = PBXFileReference; lastKnownFileType = archive.ar; name = libAR.a; path = "../Dependencies/ARToolKit5-bin-5.3.2-iOS/lib/libAR.a"; sourceTree = "<group>"; };
		1A4F60711E5CCFA700B4C602 /* ARHandler.m */ = {isa = PBXFileReference; fileEncoding = 4; lastKnownFileType = sourcecode.c.objc; path = ARHandler.m; sourceTree = "<group>"; };
		1A4F60731E5CCFC100B4C602 /* ARHandler.h */ = {isa = PBXFileReference; lastKnownFileType = sourcecode.c.h; path = ARHandler.h; sourceTree = "<group>"; };
		1A5B66F81E5BA82D000463E3 /* cube.mtl */ = {isa = PBXFileReference; fileEncoding = 4; lastKnownFileType = text; name = cube.mtl; path = ARGame/cube.mtl; sourceTree = "<group>"; };
		1A5B66F91E5BA82D000463E3 /* cube.obj */ = {isa = PBXFileReference; fileEncoding = 4; lastKnownFileType = text; name = cube.obj; path = ARGame/cube.obj; sourceTree = "<group>"; };
		1A6607A11E7A808D00FAF78B /* Animation.swift */ = {isa = PBXFileReference; fileEncoding = 4; lastKnownFileType = sourcecode.swift; path = Animation.swift; sourceTree = "<group>"; };
		1A6BA3DF1E5E21FE00D136D5 /* libARvideo.a */ = {isa = PBXFileReference; lastKnownFileType = archive.ar; name = libARvideo.a; path = "../Dependencies/ARToolKit5-bin-5.3.2-iOS/lib/libARvideo.a"; sourceTree = "<group>"; };
		1A6BA3E11E5E223800D136D5 /* libARgsub_es2.a */ = {isa = PBXFileReference; lastKnownFileType = archive.ar; name = libARgsub_es2.a; path = "../Dependencies/ARToolKit5-bin-5.3.2-iOS/lib/libARgsub_es2.a"; sourceTree = "<group>"; };
		1A6BA3E31E5E225500D136D5 /* libARICP.a */ = {isa = PBXFileReference; lastKnownFileType = archive.ar; name = libARICP.a; path = "../Dependencies/ARToolKit5-bin-5.3.2-iOS/lib/libARICP.a"; sourceTree = "<group>"; };
		1A6BA3E41E5E225500D136D5 /* libARMulti.a */ = {isa = PBXFileReference; lastKnownFileType = archive.ar; name = libARMulti.a; path = "../Dependencies/ARToolKit5-bin-5.3.2-iOS/lib/libARMulti.a"; sourceTree = "<group>"; };
		1A6BA3E51E5E225500D136D5 /* libARgsub_es.a */ = {isa = PBXFileReference; lastKnownFileType = archive.ar; name = libARgsub_es.a; path = "../Dependencies/ARToolKit5-bin-5.3.2-iOS/lib/libARgsub_es.a"; sourceTree = "<group>"; };
		1A6BA3E61E5E225500D136D5 /* libEden.a */ = {isa = PBXFileReference; lastKnownFileType = archive.ar; name = libEden.a; path = "../Dependencies/ARToolKit5-bin-5.3.2-iOS/lib/libEden.a"; sourceTree = "<group>"; };
		1A6BA3E71E5E225500D136D5 /* libARWrapper.a */ = {isa = PBXFileReference; lastKnownFileType = archive.ar; name = libARWrapper.a; path = "../Dependencies/ARToolKit5-bin-5.3.2-iOS/lib/libARWrapper.a"; sourceTree = "<group>"; };
		1A6BA3E81E5E225500D136D5 /* libARosg.a */ = {isa = PBXFileReference; lastKnownFileType = archive.ar; name = libARosg.a; path = "../Dependencies/ARToolKit5-bin-5.3.2-iOS/lib/libARosg.a"; sourceTree = "<group>"; };
		1A6BA3E91E5E225500D136D5 /* libARUtil.a */ = {isa = PBXFileReference; lastKnownFileType = archive.ar; name = libARUtil.a; path = "../Dependencies/ARToolKit5-bin-5.3.2-iOS/lib/libARUtil.a"; sourceTree = "<group>"; };
		1A6BA3EA1E5E225500D136D5 /* libKPM.a */ = {isa = PBXFileReference; lastKnownFileType = archive.ar; name = libKPM.a; path = "../Dependencies/ARToolKit5-bin-5.3.2-iOS/lib/libKPM.a"; sourceTree = "<group>"; };
		1A6BA3EB1E5E225500D136D5 /* libAR2.a */ = {isa = PBXFileReference; lastKnownFileType = archive.ar; name = libAR2.a; path = "../Dependencies/ARToolKit5-bin-5.3.2-iOS/lib/libAR2.a"; sourceTree = "<group>"; };
		1A6BA3F51E5E22B700D136D5 /* Accelerate.framework */ = {isa = PBXFileReference; lastKnownFileType = wrapper.framework; name = Accelerate.framework; path = System/Library/Frameworks/Accelerate.framework; sourceTree = SDKROOT; };
		1A6BA3F81E5E280900D136D5 /* Bridge.h */ = {isa = PBXFileReference; lastKnownFileType = sourcecode.c.h; path = Bridge.h; sourceTree = "<group>"; };
		1A755C1E1E58441200E2FFBC /* libassimp.3.3.1.dylib */ = {isa = PBXFileReference; lastKnownFileType = "compiled.mach-o.dylib"; name = libassimp.3.3.1.dylib; path = ../../../../../../../../../usr/local/Cellar/assimp/3.3.1/lib/libassimp.3.3.1.dylib; sourceTree = "<group>"; };
		1A755C201E592D7300E2FFBC /* libassimp.a */ = {isa = PBXFileReference; lastKnownFileType = archive.ar; name = libassimp.a; path = ../Dependencies/assimp/lib/iOS/x86_64/libassimp.a; sourceTree = "<group>"; };
		1A755C221E59C95F00E2FFBC /* libassimp-fat.a */ = {isa = PBXFileReference; lastKnownFileType = archive.ar; name = "libassimp-fat.a"; path = "../Dependencies/assimp/lib/iOS/libassimp-fat.a"; sourceTree = "<group>"; };
		1A755C281E59E0A100E2FFBC /* AssimpLoader.cpp */ = {isa = PBXFileReference; fileEncoding = 4; lastKnownFileType = sourcecode.cpp.cpp; path = AssimpLoader.cpp; sourceTree = "<group>"; };
		1A755C291E59E0A100E2FFBC /* AssimpLoader.hpp */ = {isa = PBXFileReference; fileEncoding = 4; lastKnownFileType = sourcecode.cpp.h; path = AssimpLoader.hpp; sourceTree = "<group>"; };
		1A755C2B1E5A08D300E2FFBC /* OpenGLES.framework */ = {isa = PBXFileReference; lastKnownFileType = wrapper.framework; name = OpenGLES.framework; path = System/Library/Frameworks/OpenGLES.framework; sourceTree = SDKROOT; };
		1A755C2D1E5A163800E2FFBC /* libz.tbd */ = {isa = PBXFileReference; lastKnownFileType = "sourcecode.text-based-dylib-definition"; name = libz.tbd; path = usr/lib/libz.tbd; sourceTree = SDKROOT; };
		1A755C311E5AFC3800E2FFBC /* AssimpLoaderCInterface.h */ = {isa = PBXFileReference; lastKnownFileType = sourcecode.c.h; path = AssimpLoaderCInterface.h; sourceTree = "<group>"; };
		1AA85D641E64521B00B7BAAC /* camera_para-iPhone 6 Plus rear 1280x720 0.3m.dat */ = {isa = PBXFileReference; lastKnownFileType = file; name = "camera_para-iPhone 6 Plus rear 1280x720 0.3m.dat"; path = "Assets_AR/camera_para-iPhone 6 Plus rear 1280x720 0.3m.dat"; sourceTree = "<group>"; };
		1AC181211E71DF7B008C07F3 /* Shader.swift */ = {isa = PBXFileReference; fileEncoding = 4; lastKnownFileType = sourcecode.swift; path = Shader.swift; sourceTree = "<group>"; };
		1AC1816B1E72C1AD008C07F3 /* Effect.swift */ = {isa = PBXFileReference; fileEncoding = 4; lastKnownFileType = sourcecode.swift; path = Effect.swift; sourceTree = "<group>"; };
		1AC1816F1E734D4E008C07F3 /* EffectBasic.swift */ = {isa = PBXFileReference; fileEncoding = 4; lastKnownFileType = sourcecode.swift; path = EffectBasic.swift; sourceTree = "<group>"; };
		1AC181721E735597008C07F3 /* EffectMaterial.swift */ = {isa = PBXFileReference; fileEncoding = 4; lastKnownFileType = sourcecode.swift; path = EffectMaterial.swift; sourceTree = "<group>"; };
		1AC181741E7355E0008C07F3 /* ShaderBasic.fsh */ = {isa = PBXFileReference; fileEncoding = 4; lastKnownFileType = sourcecode.glsl; name = ShaderBasic.fsh; path = Shaders/ShaderBasic.fsh; sourceTree = "<group>"; };
		1AC181751E7355E0008C07F3 /* ShaderBasic.vsh */ = {isa = PBXFileReference; fileEncoding = 4; lastKnownFileType = sourcecode.glsl; name = ShaderBasic.vsh; path = Shaders/ShaderBasic.vsh; sourceTree = "<group>"; };
		1AC181781E7356D0008C07F3 /* ShaderMaterial.fsh */ = {isa = PBXFileReference; fileEncoding = 4; lastKnownFileType = sourcecode.glsl; name = ShaderMaterial.fsh; path = Shaders/ShaderMaterial.fsh; sourceTree = "<group>"; };
		1AC181791E7356D0008C07F3 /* ShaderMaterial.vsh */ = {isa = PBXFileReference; fileEncoding = 4; lastKnownFileType = sourcecode.glsl; name = ShaderMaterial.vsh; path = Shaders/ShaderMaterial.vsh; sourceTree = "<group>"; };
		1ADFA8B71E64C05900588345 /* AssimpLoaderCInterface.cpp */ = {isa = PBXFileReference; fileEncoding = 4; lastKnownFileType = sourcecode.cpp.cpp; path = AssimpLoaderCInterface.cpp; sourceTree = "<group>"; };
		1AE317921E93C49900972BC2 /* Skeleton.swift */ = {isa = PBXFileReference; fileEncoding = 4; lastKnownFileType = sourcecode.swift; path = Skeleton.swift; sourceTree = "<group>"; };
		1AE8748E1E97ED39009F1D4A /* AnimationLoader.swift */ = {isa = PBXFileReference; fileEncoding = 4; lastKnownFileType = sourcecode.swift; path = AnimationLoader.swift; sourceTree = "<group>"; };
/* End PBXFileReference section */

/* Begin PBXFrameworksBuildPhase section */
		1A44DCBA1E55F34C0036E753 /* Frameworks */ = {
			isa = PBXFrameworksBuildPhase;
			buildActionMask = 2147483647;
			files = (
				1A05A4A81E9A8E37003B8104 /* libfbxsdk.a in Frameworks */,
				1A4F606F1E5CBE7400B4C602 /* libAR.a in Frameworks */,
				1A1788061E637A270087DE26 /* libARICP.a in Frameworks */,
				1A1788051E637A270087DE26 /* libARgsub_es2.a in Frameworks */,
				1A6BA3F61E5E22B700D136D5 /* Accelerate.framework in Frameworks */,
				1A6BA3F71E5E22E600D136D5 /* libARvideo.a in Frameworks */,
				1A1788081E637A400087DE26 /* QuartzCore.framework in Frameworks */,
				1A755C2E1E5A163800E2FFBC /* libz.tbd in Frameworks */,
				1A755C231E59C95F00E2FFBC /* libassimp-fat.a in Frameworks */,
			);
			runOnlyForDeploymentPostprocessing = 0;
		};
		1A44DCD21E55F34C0036E753 /* Frameworks */ = {
			isa = PBXFrameworksBuildPhase;
			buildActionMask = 2147483647;
			files = (
			);
			runOnlyForDeploymentPostprocessing = 0;
		};
		1A44DCDD1E55F34C0036E753 /* Frameworks */ = {
			isa = PBXFrameworksBuildPhase;
			buildActionMask = 2147483647;
			files = (
			);
			runOnlyForDeploymentPostprocessing = 0;
		};
/* End PBXFrameworksBuildPhase section */

/* Begin PBXGroup section */
		1A05A47D1E9A5379003B8104 /* Maria */ = {
			isa = PBXGroup;
			children = (
				1A05A4841E9A62BC003B8104 /* maria_warming_up.fbx */,
				1A22E5F71EB739850013D588 /* maria_breathing_idle.fbx */,
				1A22E5F91EB73C770013D588 /* maria_breathing_idle2.fbx */,
			);
			name = Maria;
			sourceTree = "<group>";
		};
		1A05A4861E9A6639003B8104 /* Vampire */ = {
			isa = PBXGroup;
			children = (
				1A22E5ED1EB6BFC10013D588 /* vampire.fbx */,
				1A05A49D1E9A6987003B8104 /* vampire_diffuse.png */,
				1A05A49E1E9A6987003B8104 /* vampire_specular.png */,
			);
			name = Vampire;
			sourceTree = "<group>";
		};
		1A05A4891E9A6737003B8104 /* Beta */ = {
			isa = PBXGroup;
			children = (
				1A05A48F1E9A6767003B8104 /* beta.fbx */,
			);
			name = Beta;
			sourceTree = "<group>";
		};
		1A05A48A1E9A673E003B8104 /* Beta */ = {
			isa = PBXGroup;
			children = (
				1A05A4A51E9A826B003B8104 /* beta_elbow_punch.fbx */,
				1A05A48B1E9A674B003B8104 /* beta_breathing_idle.fbx */,
				1A05A48C1E9A674B003B8104 /* beta_warming_up.fbx */,
			);
			name = Beta;
			sourceTree = "<group>";
		};
		1A05A4A91E9A9115003B8104 /* FBX */ = {
			isa = PBXGroup;
			children = (
				1A05A4AA1E9A913E003B8104 /* FBXLoader.hpp */,
				1A05A4AB1E9A9158003B8104 /* FBXLoader.cpp */,
				1A05A4AE1E9ABAD2003B8104 /* FBXLoaderCInterface.h */,
				1A05A4AD1E9ABAD2003B8104 /* FBXLoaderCInterface.cpp */,
			);
			name = FBX;
			sourceTree = "<group>";
		};
		1A1788091E640D010087DE26 /* Assets_AR */ = {
			isa = PBXGroup;
			children = (
				1AA85D641E64521B00B7BAAC /* camera_para-iPhone 6 Plus rear 1280x720 0.3m.dat */,
				1A17880C1E640D9E0087DE26 /* hiro.patt */,
				1A17880A1E640D950087DE26 /* camera_para.dat */,
			);
			name = Assets_AR;
			sourceTree = "<group>";
		};
		1A22E5DE1EB3D3500013D588 /* Engine */ = {
			isa = PBXGroup;
			children = (
				1A4F60701E5CC42000B4C602 /* AR */,
				1A3669601E756B3500C7C53E /* Entity */,
				1A755C261E59E06A00E2FFBC /* FileLoading */,
				1AC1816A1E72C159008C07F3 /* Graphics */,
				1A4492761E97908B00C27B4B /* Scene */,
			);
			name = Engine;
			sourceTree = "<group>";
		};
		1A22E5DF1EB3D3DC0013D588 /* Game */ = {
			isa = PBXGroup;
			children = (
				1A22E5E01EB3D3F30013D588 /* Scenes */,
			);
			name = Game;
			sourceTree = "<group>";
		};
		1A22E5E01EB3D3F30013D588 /* Scenes */ = {
			isa = PBXGroup;
			children = (
				1A4492791E979F5B00C27B4B /* FirstScene.swift */,
			);
			name = Scenes;
			sourceTree = "<group>";
		};
		1A22E5E21EB3EADB0013D588 /* Character_Preset */ = {
			isa = PBXGroup;
			children = (
				1A22E5F51EB735AC0013D588 /* beta.xml */,
				1A22E6091EB745060013D588 /* ely.xml */,
				1A22E6151EB748990013D588 /* ganfaul.xml */,
				1A22E5F11EB72C2F0013D588 /* maria.xml */,
				1A22E5F21EB72C2F0013D588 /* vampire.xml */,
				1A22E6001EB73FA30013D588 /* pumpkin.xml */,
				1A22E6121EB746690013D588 /* vanguard.xml */,
			);
			name = Character_Preset;
			sourceTree = "<group>";
		};
		1A22E5FB1EB73F620013D588 /* Pumpkin */ = {
			isa = PBXGroup;
			children = (
				1A22E5FD1EB73F740013D588 /* pumpkin.fbx */,
				1A22E5FC1EB73F740013D588 /* pumpkin_diffuse.png */,
			);
			name = Pumpkin;
			sourceTree = "<group>";
		};
		1A22E6021EB744E60013D588 /* Ely */ = {
			isa = PBXGroup;
			children = (
				1A22E6031EB744F40013D588 /* ely_diffuse.png */,
				1A22E6041EB744F40013D588 /* ely_specular.png */,
				1A22E6051EB744F40013D588 /* ely.fbx */,
			);
			name = Ely;
			sourceTree = "<group>";
		};
		1A22E60B1EB7463F0013D588 /* Vanguard */ = {
			isa = PBXGroup;
			children = (
				1A22E60C1EB746500013D588 /* vanguard_diffuse.png */,
				1A22E60D1EB746500013D588 /* vanguard_specular.png */,
				1A22E60E1EB746500013D588 /* vanguard.fbx */,
			);
			name = Vanguard;
			sourceTree = "<group>";
		};
		1A22E6141EB748740013D588 /* Ganfaul */ = {
			isa = PBXGroup;
			children = (
				1A22E6171EB748AF0013D588 /* ganfaul_diffuse.png */,
				1A22E6181EB748AF0013D588 /* ganfaul_specular.png */,
				1A22E6191EB748AF0013D588 /* ganfaul.fbx */,
			);
			name = Ganfaul;
			sourceTree = "<group>";
		};
		1A3669601E756B3500C7C53E /* Entity */ = {
			isa = PBXGroup;
			children = (
				1A44925C1E96A9B900C27B4B /* Entity.swift */,
				1A4492741E978CC600C27B4B /* Model.swift */,
				1A44926E1E9787BD00C27B4B /* Mesh.swift */,
				1A435D5A1E83BB6F00D44433 /* Vertex.swift */,
				1A435D5C1E83BBC000D44433 /* Material.swift */,
				1AE317921E93C49900972BC2 /* Skeleton.swift */,
				1A6607A11E7A808D00FAF78B /* Animation.swift */,
			);
			name = Entity;
			sourceTree = "<group>";
		};
		1A4492761E97908B00C27B4B /* Scene */ = {
			isa = PBXGroup;
			children = (
				1A4492771E9790B000C27B4B /* Scene.swift */,
			);
			name = Scene;
			sourceTree = "<group>";
		};
		1A44DCB41E55F34C0036E753 = {
			isa = PBXGroup;
			children = (
				1A44DCBF1E55F34C0036E753 /* ARGame */,
				1A44DCD81E55F34C0036E753 /* ARGameTests */,
				1A44DCE31E55F34C0036E753 /* ARGameUITests */,
				1A44DCBE1E55F34C0036E753 /* Products */,
				1A755C1D1E58441100E2FFBC /* Frameworks */,
			);
			sourceTree = "<group>";
		};
		1A44DCBE1E55F34C0036E753 /* Products */ = {
			isa = PBXGroup;
			children = (
				1A44DCBD1E55F34C0036E753 /* ARGame.app */,
				1A44DCD51E55F34C0036E753 /* ARGameTests.xctest */,
				1A44DCE01E55F34C0036E753 /* ARGameUITests.xctest */,
			);
			name = Products;
			sourceTree = "<group>";
		};
		1A44DCBF1E55F34C0036E753 /* ARGame */ = {
			isa = PBXGroup;
			children = (
				1AC181611E72AA68008C07F3 /* Shaders */,
				1A5B66FC1E5BACF4000463E3 /* Assets */,
				1A1788091E640D010087DE26 /* Assets_AR */,
				1A44DCF71E5601920036E753 /* Model */,
				1A44DCF41E55F88E0036E753 /* Controllers */,
				1A44DCC01E55F34C0036E753 /* AppDelegate.swift */,
				1A6BA3F81E5E280900D136D5 /* Bridge.h */,
				1A44DCC81E55F34C0036E753 /* Main.storyboard */,
				1A44DCCB1E55F34C0036E753 /* Assets.xcassets */,
				1A44DCCD1E55F34C0036E753 /* LaunchScreen.storyboard */,
				1A44DCD01E55F34C0036E753 /* Info.plist */,
			);
			path = ARGame;
			sourceTree = "<group>";
		};
		1A44DCD81E55F34C0036E753 /* ARGameTests */ = {
			isa = PBXGroup;
			children = (
				1A44DCD91E55F34C0036E753 /* ARGameTests.swift */,
				1A44DCDB1E55F34C0036E753 /* Info.plist */,
			);
			path = ARGameTests;
			sourceTree = "<group>";
		};
		1A44DCE31E55F34C0036E753 /* ARGameUITests */ = {
			isa = PBXGroup;
			children = (
				1A44DCE41E55F34C0036E753 /* ARGameUITests.swift */,
				1A44DCE61E55F34C0036E753 /* Info.plist */,
			);
			path = ARGameUITests;
			sourceTree = "<group>";
		};
		1A44DCF41E55F88E0036E753 /* Controllers */ = {
			isa = PBXGroup;
			children = (
				1A44DCF21E55F87E0036E753 /* MainMenuController.swift */,
				1A44DCC61E55F34C0036E753 /* GameViewController.swift */,
			);
			name = Controllers;
			sourceTree = "<group>";
		};
		1A44DCF71E5601920036E753 /* Model */ = {
			isa = PBXGroup;
			children = (
				1A22E5DE1EB3D3500013D588 /* Engine */,
				1A22E5DF1EB3D3DC0013D588 /* Game */,
			);
			name = Model;
			sourceTree = "<group>";
		};
		1A4F60701E5CC42000B4C602 /* AR */ = {
			isa = PBXGroup;
			children = (
				1A4F60711E5CCFA700B4C602 /* ARHandler.m */,
				1A4F60731E5CCFC100B4C602 /* ARHandler.h */,
			);
			name = AR;
			sourceTree = "<group>";
		};
		1A5B66FC1E5BACF4000463E3 /* Assets */ = {
			isa = PBXGroup;
			children = (
				1A22E5E21EB3EADB0013D588 /* Character_Preset */,
				1A99B2391E980BBA00E2831B /* Characters */,
				1A725D361E75BF6600322D6A /* Animations */,
			);
			name = Assets;
			sourceTree = "<group>";
		};
		1A725D361E75BF6600322D6A /* Animations */ = {
			isa = PBXGroup;
			children = (
				1A05A48A1E9A673E003B8104 /* Beta */,
				1A05A47D1E9A5379003B8104 /* Maria */,
			);
			name = Animations;
			sourceTree = "<group>";
		};
		1A755C1D1E58441100E2FFBC /* Frameworks */ = {
			isa = PBXGroup;
			children = (
				1A05A4A71E9A8E37003B8104 /* libfbxsdk.a */,
				1A1788071E637A400087DE26 /* QuartzCore.framework */,
				1A6BA3F51E5E22B700D136D5 /* Accelerate.framework */,
				1A6BA3E31E5E225500D136D5 /* libARICP.a */,
				1A6BA3E41E5E225500D136D5 /* libARMulti.a */,
				1A6BA3E51E5E225500D136D5 /* libARgsub_es.a */,
				1A6BA3E61E5E225500D136D5 /* libEden.a */,
				1A6BA3E71E5E225500D136D5 /* libARWrapper.a */,
				1A6BA3E81E5E225500D136D5 /* libARosg.a */,
				1A6BA3E91E5E225500D136D5 /* libARUtil.a */,
				1A6BA3EA1E5E225500D136D5 /* libKPM.a */,
				1A6BA3EB1E5E225500D136D5 /* libAR2.a */,
				1A6BA3E11E5E223800D136D5 /* libARgsub_es2.a */,
				1A6BA3DF1E5E21FE00D136D5 /* libARvideo.a */,
				1A4F606E1E5CBE7400B4C602 /* libAR.a */,
				1A5B66F81E5BA82D000463E3 /* cube.mtl */,
				1A5B66F91E5BA82D000463E3 /* cube.obj */,
				1A755C2D1E5A163800E2FFBC /* libz.tbd */,
				1A755C2B1E5A08D300E2FFBC /* OpenGLES.framework */,
				1A755C221E59C95F00E2FFBC /* libassimp-fat.a */,
				1A755C201E592D7300E2FFBC /* libassimp.a */,
				1A755C1E1E58441200E2FFBC /* libassimp.3.3.1.dylib */,
			);
			name = Frameworks;
			sourceTree = "<group>";
		};
		1A755C261E59E06A00E2FFBC /* FileLoading */ = {
			isa = PBXGroup;
			children = (
				1A05A4A91E9A9115003B8104 /* FBX */,
				1AE874901E97F294009F1D4A /* Assimp */,
				1A44DCF51E55FEC40036E753 /* ModelLoader.swift */,
				1AE8748E1E97ED39009F1D4A /* AnimationLoader.swift */,
				1A22E5DC1EB38ECF0013D588 /* EntityLoader.swift */,
			);
			name = FileLoading;
			sourceTree = "<group>";
		};
		1A99B2391E980BBA00E2831B /* Characters */ = {
			isa = PBXGroup;
			children = (
				1A22E6141EB748740013D588 /* Ganfaul */,
				1A22E60B1EB7463F0013D588 /* Vanguard */,
				1A22E6021EB744E60013D588 /* Ely */,
				1A22E5FB1EB73F620013D588 /* Pumpkin */,
				1A05A4891E9A6737003B8104 /* Beta */,
				1A05A4861E9A6639003B8104 /* Vampire */,
				1A99B2441E99597B00E2831B /* Maria */,
			);
			name = Characters;
			sourceTree = "<group>";
		};
		1A99B2441E99597B00E2831B /* Maria */ = {
			isa = PBXGroup;
			children = (
				1A22E5E71EB638CB0013D588 /* maria.fbx */,
				1A05A4911E9A6773003B8104 /* maria_diffuse.png */,
				1A05A4921E9A6773003B8104 /* maria_specular.png */,
			);
			name = Maria;
			sourceTree = "<group>";
		};
		1AC181611E72AA68008C07F3 /* Shaders */ = {
			isa = PBXGroup;
			children = (
				1AC181751E7355E0008C07F3 /* ShaderBasic.vsh */,
				1AC181741E7355E0008C07F3 /* ShaderBasic.fsh */,
				1AC181791E7356D0008C07F3 /* ShaderMaterial.vsh */,
				1AC181781E7356D0008C07F3 /* ShaderMaterial.fsh */,
				1A30362A1E856B1D00484367 /* ShaderAnimation.vsh */,
			);
			name = Shaders;
			sourceTree = "<group>";
		};
		1AC1816A1E72C159008C07F3 /* Graphics */ = {
			isa = PBXGroup;
			children = (
				1AC181211E71DF7B008C07F3 /* Shader.swift */,
				1AC1816B1E72C1AD008C07F3 /* Effect.swift */,
				1AC1816F1E734D4E008C07F3 /* EffectBasic.swift */,
				1AC181721E735597008C07F3 /* EffectMaterial.swift */,
				1A3036271E8566B500484367 /* EffectMatAnim.swift */,
				1A05A47B1E9A31AB003B8104 /* TexturePool.swift */,
			);
			name = Graphics;
			sourceTree = "<group>";
		};
		1AE874901E97F294009F1D4A /* Assimp */ = {
			isa = PBXGroup;
			children = (
				1A755C291E59E0A100E2FFBC /* AssimpLoader.hpp */,
				1A755C281E59E0A100E2FFBC /* AssimpLoader.cpp */,
				1A755C311E5AFC3800E2FFBC /* AssimpLoaderCInterface.h */,
				1ADFA8B71E64C05900588345 /* AssimpLoaderCInterface.cpp */,
			);
			name = Assimp;
			sourceTree = "<group>";
		};
/* End PBXGroup section */

/* Begin PBXNativeTarget section */
		1A44DCBC1E55F34C0036E753 /* ARGame */ = {
			isa = PBXNativeTarget;
			buildConfigurationList = 1A44DCE91E55F34C0036E753 /* Build configuration list for PBXNativeTarget "ARGame" */;
			buildPhases = (
				1A44DCB91E55F34C0036E753 /* Sources */,
				1A44DCBA1E55F34C0036E753 /* Frameworks */,
				1A44DCBB1E55F34C0036E753 /* Resources */,
			);
			buildRules = (
			);
			dependencies = (
			);
			name = ARGame;
			productName = ARGame;
			productReference = 1A44DCBD1E55F34C0036E753 /* ARGame.app */;
			productType = "com.apple.product-type.application";
		};
		1A44DCD41E55F34C0036E753 /* ARGameTests */ = {
			isa = PBXNativeTarget;
			buildConfigurationList = 1A44DCEC1E55F34C0036E753 /* Build configuration list for PBXNativeTarget "ARGameTests" */;
			buildPhases = (
				1A44DCD11E55F34C0036E753 /* Sources */,
				1A44DCD21E55F34C0036E753 /* Frameworks */,
				1A44DCD31E55F34C0036E753 /* Resources */,
			);
			buildRules = (
			);
			dependencies = (
				1A44DCD71E55F34C0036E753 /* PBXTargetDependency */,
			);
			name = ARGameTests;
			productName = ARGameTests;
			productReference = 1A44DCD51E55F34C0036E753 /* ARGameTests.xctest */;
			productType = "com.apple.product-type.bundle.unit-test";
		};
		1A44DCDF1E55F34C0036E753 /* ARGameUITests */ = {
			isa = PBXNativeTarget;
			buildConfigurationList = 1A44DCEF1E55F34C0036E753 /* Build configuration list for PBXNativeTarget "ARGameUITests" */;
			buildPhases = (
				1A44DCDC1E55F34C0036E753 /* Sources */,
				1A44DCDD1E55F34C0036E753 /* Frameworks */,
				1A44DCDE1E55F34C0036E753 /* Resources */,
			);
			buildRules = (
			);
			dependencies = (
				1A44DCE21E55F34C0036E753 /* PBXTargetDependency */,
			);
			name = ARGameUITests;
			productName = ARGameUITests;
			productReference = 1A44DCE01E55F34C0036E753 /* ARGameUITests.xctest */;
			productType = "com.apple.product-type.bundle.ui-testing";
		};
/* End PBXNativeTarget section */

/* Begin PBXProject section */
		1A44DCB51E55F34C0036E753 /* Project object */ = {
			isa = PBXProject;
			attributes = {
				LastSwiftUpdateCheck = 0820;
				LastUpgradeCheck = 0820;
				ORGANIZATIONNAME = "James Rogers";
				TargetAttributes = {
					1A44DCBC1E55F34C0036E753 = {
						CreatedOnToolsVersion = 8.2.1;
						DevelopmentTeam = 3BPNYRZL37;
						LastSwiftMigration = 0820;
						ProvisioningStyle = Automatic;
					};
					1A44DCD41E55F34C0036E753 = {
						CreatedOnToolsVersion = 8.2.1;
						DevelopmentTeam = 3BPNYRZL37;
						ProvisioningStyle = Automatic;
						TestTargetID = 1A44DCBC1E55F34C0036E753;
					};
					1A44DCDF1E55F34C0036E753 = {
						CreatedOnToolsVersion = 8.2.1;
						DevelopmentTeam = 3BPNYRZL37;
						ProvisioningStyle = Automatic;
						TestTargetID = 1A44DCBC1E55F34C0036E753;
					};
				};
			};
			buildConfigurationList = 1A44DCB81E55F34C0036E753 /* Build configuration list for PBXProject "ARGame" */;
			compatibilityVersion = "Xcode 3.2";
			developmentRegion = English;
			hasScannedForEncodings = 0;
			knownRegions = (
				en,
				Base,
			);
			mainGroup = 1A44DCB41E55F34C0036E753;
			productRefGroup = 1A44DCBE1E55F34C0036E753 /* Products */;
			projectDirPath = "";
			projectRoot = "";
			targets = (
				1A44DCBC1E55F34C0036E753 /* ARGame */,
				1A44DCD41E55F34C0036E753 /* ARGameTests */,
				1A44DCDF1E55F34C0036E753 /* ARGameUITests */,
			);
		};
/* End PBXProject section */

/* Begin PBXResourcesBuildPhase section */
		1A44DCBB1E55F34C0036E753 /* Resources */ = {
			isa = PBXResourcesBuildPhase;
			buildActionMask = 2147483647;
			files = (
				1A05A4901E9A6767003B8104 /* beta.fbx in Resources */,
				1A22E5EE1EB6BFC10013D588 /* vampire.fbx in Resources */,
				1A05A48E1E9A674B003B8104 /* beta_warming_up.fbx in Resources */,
				1A22E5FE1EB73F740013D588 /* pumpkin_diffuse.png in Resources */,
				1A44DCCA1E55F34C0036E753 /* Main.storyboard in Resources */,
				1AC1817A1E7356D0008C07F3 /* ShaderMaterial.fsh in Resources */,
				1A30362C1E856B1D00484367 /* ShaderAnimation.vsh in Resources */,
				1A22E60F1EB746500013D588 /* vanguard_diffuse.png in Resources */,
				1A22E61B1EB748AF0013D588 /* ganfaul_specular.png in Resources */,
				1A22E6061EB744F40013D588 /* ely_diffuse.png in Resources */,
				1A22E61A1EB748AF0013D588 /* ganfaul_diffuse.png in Resources */,
				1A22E5FA1EB73C770013D588 /* maria_breathing_idle2.fbx in Resources */,
				1A22E6101EB746500013D588 /* vanguard_specular.png in Resources */,
				1AC181771E7355E0008C07F3 /* ShaderBasic.vsh in Resources */,
				1A22E5F31EB72C2F0013D588 /* maria.xml in Resources */,
				1A22E6071EB744F40013D588 /* ely_specular.png in Resources */,
				1A05A4851E9A62BC003B8104 /* maria_warming_up.fbx in Resources */,
				1A22E5FF1EB73F740013D588 /* pumpkin.fbx in Resources */,
				1A22E60A1EB745060013D588 /* ely.xml in Resources */,
				1A22E61C1EB748AF0013D588 /* ganfaul.fbx in Resources */,
				1A22E5F41EB72C2F0013D588 /* vampire.xml in Resources */,
				1A05A4A61E9A826C003B8104 /* beta_elbow_punch.fbx in Resources */,
				1AC181761E7355E0008C07F3 /* ShaderBasic.fsh in Resources */,
				1A22E5E81EB638CB0013D588 /* maria.fbx in Resources */,
				1A17880B1E640D950087DE26 /* camera_para.dat in Resources */,
				1A44DCCC1E55F34C0036E753 /* Assets.xcassets in Resources */,
				1A22E6131EB746690013D588 /* vanguard.xml in Resources */,
				1A44DCCF1E55F34C0036E753 /* LaunchScreen.storyboard in Resources */,
				1A22E6081EB744F40013D588 /* ely.fbx in Resources */,
				1A22E5F61EB735AC0013D588 /* beta.xml in Resources */,
				1AA85D651E64521B00B7BAAC /* camera_para-iPhone 6 Plus rear 1280x720 0.3m.dat in Resources */,
				1A22E6161EB748990013D588 /* ganfaul.xml in Resources */,
				1A05A49F1E9A6987003B8104 /* vampire_diffuse.png in Resources */,
				1A22E6011EB73FA30013D588 /* pumpkin.xml in Resources */,
				1A05A4951E9A6773003B8104 /* maria_diffuse.png in Resources */,
				1A22E5F81EB739850013D588 /* maria_breathing_idle.fbx in Resources */,
				1A05A4961E9A6773003B8104 /* maria_specular.png in Resources */,
				1A22E6111EB746500013D588 /* vanguard.fbx in Resources */,
				1A05A4A01E9A6987003B8104 /* vampire_specular.png in Resources */,
				1A17880D1E640D9E0087DE26 /* hiro.patt in Resources */,
				1A05A48D1E9A674B003B8104 /* beta_breathing_idle.fbx in Resources */,
				1AC1817B1E7356D0008C07F3 /* ShaderMaterial.vsh in Resources */,
			);
			runOnlyForDeploymentPostprocessing = 0;
		};
		1A44DCD31E55F34C0036E753 /* Resources */ = {
			isa = PBXResourcesBuildPhase;
			buildActionMask = 2147483647;
			files = (
			);
			runOnlyForDeploymentPostprocessing = 0;
		};
		1A44DCDE1E55F34C0036E753 /* Resources */ = {
			isa = PBXResourcesBuildPhase;
			buildActionMask = 2147483647;
			files = (
			);
			runOnlyForDeploymentPostprocessing = 0;
		};
/* End PBXResourcesBuildPhase section */

/* Begin PBXSourcesBuildPhase section */
		1A44DCB91E55F34C0036E753 /* Sources */ = {
			isa = PBXSourcesBuildPhase;
			buildActionMask = 2147483647;
			files = (
				1A4492751E978CC600C27B4B /* Model.swift in Sources */,
				1A44927A1E979F5C00C27B4B /* FirstScene.swift in Sources */,
				1AC1816C1E72C1AE008C07F3 /* Effect.swift in Sources */,
				1A22E5DD1EB38ECF0013D588 /* EntityLoader.swift in Sources */,
				1AC181221E71DF7B008C07F3 /* Shader.swift in Sources */,
				1A6607A21E7A808D00FAF78B /* Animation.swift in Sources */,
				1AC181731E735597008C07F3 /* EffectMaterial.swift in Sources */,
				1A4F60721E5CCFA700B4C602 /* ARHandler.m in Sources */,
				1A05A4AF1E9ABAD2003B8104 /* FBXLoaderCInterface.cpp in Sources */,
				1AE317931E93C49900972BC2 /* Skeleton.swift in Sources */,
				1A44925D1E96A9B900C27B4B /* Entity.swift in Sources */,
				1A3036281E8566B500484367 /* EffectMatAnim.swift in Sources */,
				1A755C2A1E59E0A100E2FFBC /* AssimpLoader.cpp in Sources */,
				1AE8748F1E97ED39009F1D4A /* AnimationLoader.swift in Sources */,
				1AC181701E734D4E008C07F3 /* EffectBasic.swift in Sources */,
				1A44DCF61E55FEC40036E753 /* ModelLoader.swift in Sources */,
				1A4492781E9790B000C27B4B /* Scene.swift in Sources */,
				1A44DCC71E55F34C0036E753 /* GameViewController.swift in Sources */,
				1A44DCC11E55F34C0036E753 /* AppDelegate.swift in Sources */,
				1A44926F1E9787BD00C27B4B /* Mesh.swift in Sources */,
				1A44DCF31E55F87E0036E753 /* MainMenuController.swift in Sources */,
				1A05A47C1E9A31AB003B8104 /* TexturePool.swift in Sources */,
				1ADFA8B81E64C05900588345 /* AssimpLoaderCInterface.cpp in Sources */,
				1A05A4AC1E9A9158003B8104 /* FBXLoader.cpp in Sources */,
				1A435D5D1E83BBC000D44433 /* Material.swift in Sources */,
				1A435D5B1E83BB6F00D44433 /* Vertex.swift in Sources */,
			);
			runOnlyForDeploymentPostprocessing = 0;
		};
		1A44DCD11E55F34C0036E753 /* Sources */ = {
			isa = PBXSourcesBuildPhase;
			buildActionMask = 2147483647;
			files = (
				1A44DCDA1E55F34C0036E753 /* ARGameTests.swift in Sources */,
			);
			runOnlyForDeploymentPostprocessing = 0;
		};
		1A44DCDC1E55F34C0036E753 /* Sources */ = {
			isa = PBXSourcesBuildPhase;
			buildActionMask = 2147483647;
			files = (
				1A44DCE51E55F34C0036E753 /* ARGameUITests.swift in Sources */,
			);
			runOnlyForDeploymentPostprocessing = 0;
		};
/* End PBXSourcesBuildPhase section */

/* Begin PBXTargetDependency section */
		1A44DCD71E55F34C0036E753 /* PBXTargetDependency */ = {
			isa = PBXTargetDependency;
			target = 1A44DCBC1E55F34C0036E753 /* ARGame */;
			targetProxy = 1A44DCD61E55F34C0036E753 /* PBXContainerItemProxy */;
		};
		1A44DCE21E55F34C0036E753 /* PBXTargetDependency */ = {
			isa = PBXTargetDependency;
			target = 1A44DCBC1E55F34C0036E753 /* ARGame */;
			targetProxy = 1A44DCE11E55F34C0036E753 /* PBXContainerItemProxy */;
		};
/* End PBXTargetDependency section */

/* Begin PBXVariantGroup section */
		1A44DCC81E55F34C0036E753 /* Main.storyboard */ = {
			isa = PBXVariantGroup;
			children = (
				1A44DCC91E55F34C0036E753 /* Base */,
			);
			name = Main.storyboard;
			sourceTree = "<group>";
		};
		1A44DCCD1E55F34C0036E753 /* LaunchScreen.storyboard */ = {
			isa = PBXVariantGroup;
			children = (
				1A44DCCE1E55F34C0036E753 /* Base */,
			);
			name = LaunchScreen.storyboard;
			sourceTree = "<group>";
		};
/* End PBXVariantGroup section */

/* Begin XCBuildConfiguration section */
		1A44DCE71E55F34C0036E753 /* Debug */ = {
			isa = XCBuildConfiguration;
			buildSettings = {
				ALWAYS_SEARCH_USER_PATHS = NO;
				CLANG_ANALYZER_NONNULL = YES;
				CLANG_CXX_LANGUAGE_STANDARD = "gnu++0x";
				CLANG_CXX_LIBRARY = "libc++";
				CLANG_ENABLE_MODULES = YES;
				CLANG_ENABLE_OBJC_ARC = YES;
				CLANG_WARN_BOOL_CONVERSION = YES;
				CLANG_WARN_CONSTANT_CONVERSION = YES;
				CLANG_WARN_DIRECT_OBJC_ISA_USAGE = YES_ERROR;
				CLANG_WARN_DOCUMENTATION_COMMENTS = YES;
				CLANG_WARN_EMPTY_BODY = YES;
				CLANG_WARN_ENUM_CONVERSION = YES;
				CLANG_WARN_INFINITE_RECURSION = YES;
				CLANG_WARN_INT_CONVERSION = YES;
				CLANG_WARN_OBJC_ROOT_CLASS = YES_ERROR;
				CLANG_WARN_SUSPICIOUS_MOVE = YES;
				CLANG_WARN_UNREACHABLE_CODE = YES;
				CLANG_WARN__DUPLICATE_METHOD_MATCH = YES;
				"CODE_SIGN_IDENTITY[sdk=iphoneos*]" = "iPhone Developer";
				COPY_PHASE_STRIP = NO;
				DEBUG_INFORMATION_FORMAT = dwarf;
				ENABLE_STRICT_OBJC_MSGSEND = YES;
				ENABLE_TESTABILITY = YES;
				GCC_C_LANGUAGE_STANDARD = gnu99;
				GCC_DYNAMIC_NO_PIC = NO;
				GCC_NO_COMMON_BLOCKS = YES;
				GCC_OPTIMIZATION_LEVEL = 0;
				GCC_PREPROCESSOR_DEFINITIONS = (
					"DEBUG=1",
					"$(inherited)",
				);
				GCC_WARN_64_TO_32_BIT_CONVERSION = YES;
				GCC_WARN_ABOUT_RETURN_TYPE = YES_ERROR;
				GCC_WARN_UNDECLARED_SELECTOR = YES;
				GCC_WARN_UNINITIALIZED_AUTOS = YES_AGGRESSIVE;
				GCC_WARN_UNUSED_FUNCTION = YES;
				GCC_WARN_UNUSED_VARIABLE = YES;
				IPHONEOS_DEPLOYMENT_TARGET = 10.2;
				MTL_ENABLE_DEBUG_INFO = YES;
				ONLY_ACTIVE_ARCH = YES;
				SDKROOT = iphoneos;
				SWIFT_ACTIVE_COMPILATION_CONDITIONS = DEBUG;
				SWIFT_OPTIMIZATION_LEVEL = "-Onone";
				TARGETED_DEVICE_FAMILY = "1,2";
			};
			name = Debug;
		};
		1A44DCE81E55F34C0036E753 /* Release */ = {
			isa = XCBuildConfiguration;
			buildSettings = {
				ALWAYS_SEARCH_USER_PATHS = NO;
				CLANG_ANALYZER_NONNULL = YES;
				CLANG_CXX_LANGUAGE_STANDARD = "gnu++0x";
				CLANG_CXX_LIBRARY = "libc++";
				CLANG_ENABLE_MODULES = YES;
				CLANG_ENABLE_OBJC_ARC = YES;
				CLANG_WARN_BOOL_CONVERSION = YES;
				CLANG_WARN_CONSTANT_CONVERSION = YES;
				CLANG_WARN_DIRECT_OBJC_ISA_USAGE = YES_ERROR;
				CLANG_WARN_DOCUMENTATION_COMMENTS = YES;
				CLANG_WARN_EMPTY_BODY = YES;
				CLANG_WARN_ENUM_CONVERSION = YES;
				CLANG_WARN_INFINITE_RECURSION = YES;
				CLANG_WARN_INT_CONVERSION = YES;
				CLANG_WARN_OBJC_ROOT_CLASS = YES_ERROR;
				CLANG_WARN_SUSPICIOUS_MOVE = YES;
				CLANG_WARN_UNREACHABLE_CODE = YES;
				CLANG_WARN__DUPLICATE_METHOD_MATCH = YES;
				"CODE_SIGN_IDENTITY[sdk=iphoneos*]" = "iPhone Developer";
				COPY_PHASE_STRIP = NO;
				DEBUG_INFORMATION_FORMAT = "dwarf-with-dsym";
				ENABLE_NS_ASSERTIONS = NO;
				ENABLE_STRICT_OBJC_MSGSEND = YES;
				GCC_C_LANGUAGE_STANDARD = gnu99;
				GCC_NO_COMMON_BLOCKS = YES;
				GCC_WARN_64_TO_32_BIT_CONVERSION = YES;
				GCC_WARN_ABOUT_RETURN_TYPE = YES_ERROR;
				GCC_WARN_UNDECLARED_SELECTOR = YES;
				GCC_WARN_UNINITIALIZED_AUTOS = YES_AGGRESSIVE;
				GCC_WARN_UNUSED_FUNCTION = YES;
				GCC_WARN_UNUSED_VARIABLE = YES;
				IPHONEOS_DEPLOYMENT_TARGET = 10.2;
				MTL_ENABLE_DEBUG_INFO = NO;
				SDKROOT = iphoneos;
				SWIFT_OPTIMIZATION_LEVEL = "-Owholemodule";
				TARGETED_DEVICE_FAMILY = "1,2";
				VALIDATE_PRODUCT = YES;
			};
			name = Release;
		};
		1A44DCEA1E55F34C0036E753 /* Debug */ = {
			isa = XCBuildConfiguration;
			buildSettings = {
				ASSETCATALOG_COMPILER_APPICON_NAME = AppIcon;
				CLANG_ENABLE_MODULES = YES;
				DEFINES_MODULE = YES;
				DEVELOPMENT_TEAM = 3BPNYRZL37;
				ENABLE_BITCODE = NO;
				HEADER_SEARCH_PATHS = (
					../Dependencies/assimp/include,
					"../Dependencies/ARToolKit5-bin-5.3.2-iOS/include",
					../Dependencies/FBX_SDK/2017.1/include,
				);
				INFOPLIST_FILE = ARGame/Info.plist;
				LD_RUNPATH_SEARCH_PATHS = "$(inherited) @executable_path/Frameworks";
				LIBRARY_SEARCH_PATHS = (
					"$(inherited)",
					../Dependencies/assimp/lib/iOS,
					"../Dependencies/ARToolKit5-bin-5.3.2-iOS/lib",
					"../Dependencies/FBX_SDK/2017.1/lib/ios-armv7/release",
				);
				"OTHER_LDFLAGS[arch=*]" = "-liconv";
				PRODUCT_BUNDLE_IDENTIFIER = JamesRogers.ARGame;
				PRODUCT_NAME = "$(TARGET_NAME)";
				SWIFT_OBJC_BRIDGING_HEADER = ARGame/Bridge.h;
				SWIFT_OPTIMIZATION_LEVEL = "-Onone";
				SWIFT_VERSION = 3.0;
			};
			name = Debug;
		};
		1A44DCEB1E55F34C0036E753 /* Release */ = {
			isa = XCBuildConfiguration;
			buildSettings = {
				ASSETCATALOG_COMPILER_APPICON_NAME = AppIcon;
				CLANG_ENABLE_MODULES = YES;
				DEFINES_MODULE = YES;
				DEVELOPMENT_TEAM = 3BPNYRZL37;
				ENABLE_BITCODE = NO;
				HEADER_SEARCH_PATHS = (
					../Dependencies/assimp/include,
					"../Dependencies/ARToolKit5-bin-5.3.2-iOS/include",
					../Dependencies/FBX_SDK/2017.1/include,
				);
				INFOPLIST_FILE = ARGame/Info.plist;
				LD_RUNPATH_SEARCH_PATHS = "$(inherited) @executable_path/Frameworks";
				LIBRARY_SEARCH_PATHS = (
					"$(inherited)",
					../Dependencies/assimp/lib/iOS,
					"../Dependencies/ARToolKit5-bin-5.3.2-iOS/lib",
					"../Dependencies/FBX_SDK/2017.1/lib/ios-armv7/release",
				);
				"OTHER_LDFLAGS[arch=*]" = "-liconv";
				PRODUCT_BUNDLE_IDENTIFIER = JamesRogers.ARGame;
				PRODUCT_NAME = "$(TARGET_NAME)";
				SWIFT_OBJC_BRIDGING_HEADER = ARGame/Bridge.h;
				SWIFT_VERSION = 3.0;
			};
			name = Release;
		};
		1A44DCED1E55F34C0036E753 /* Debug */ = {
			isa = XCBuildConfiguration;
			buildSettings = {
				ALWAYS_EMBED_SWIFT_STANDARD_LIBRARIES = YES;
				BUNDLE_LOADER = "$(TEST_HOST)";
				DEVELOPMENT_TEAM = 3BPNYRZL37;
				INFOPLIST_FILE = ARGameTests/Info.plist;
				LD_RUNPATH_SEARCH_PATHS = "$(inherited) @executable_path/Frameworks @loader_path/Frameworks";
				PRODUCT_BUNDLE_IDENTIFIER = JamesRogers.ARGameTests;
				PRODUCT_NAME = "$(TARGET_NAME)";
				SWIFT_VERSION = 3.0;
				TEST_HOST = "$(BUILT_PRODUCTS_DIR)/ARGame.app/ARGame";
			};
			name = Debug;
		};
		1A44DCEE1E55F34C0036E753 /* Release */ = {
			isa = XCBuildConfiguration;
			buildSettings = {
				ALWAYS_EMBED_SWIFT_STANDARD_LIBRARIES = YES;
				BUNDLE_LOADER = "$(TEST_HOST)";
				DEVELOPMENT_TEAM = 3BPNYRZL37;
				INFOPLIST_FILE = ARGameTests/Info.plist;
				LD_RUNPATH_SEARCH_PATHS = "$(inherited) @executable_path/Frameworks @loader_path/Frameworks";
				PRODUCT_BUNDLE_IDENTIFIER = JamesRogers.ARGameTests;
				PRODUCT_NAME = "$(TARGET_NAME)";
				SWIFT_VERSION = 3.0;
				TEST_HOST = "$(BUILT_PRODUCTS_DIR)/ARGame.app/ARGame";
			};
			name = Release;
		};
		1A44DCF01E55F34C0036E753 /* Debug */ = {
			isa = XCBuildConfiguration;
			buildSettings = {
				ALWAYS_EMBED_SWIFT_STANDARD_LIBRARIES = YES;
				DEVELOPMENT_TEAM = 3BPNYRZL37;
				INFOPLIST_FILE = ARGameUITests/Info.plist;
				LD_RUNPATH_SEARCH_PATHS = "$(inherited) @executable_path/Frameworks @loader_path/Frameworks";
				PRODUCT_BUNDLE_IDENTIFIER = JamesRogers.ARGameUITests;
				PRODUCT_NAME = "$(TARGET_NAME)";
				SWIFT_VERSION = 3.0;
				TEST_TARGET_NAME = ARGame;
			};
			name = Debug;
		};
		1A44DCF11E55F34C0036E753 /* Release */ = {
			isa = XCBuildConfiguration;
			buildSettings = {
				ALWAYS_EMBED_SWIFT_STANDARD_LIBRARIES = YES;
				DEVELOPMENT_TEAM = 3BPNYRZL37;
				INFOPLIST_FILE = ARGameUITests/Info.plist;
				LD_RUNPATH_SEARCH_PATHS = "$(inherited) @executable_path/Frameworks @loader_path/Frameworks";
				PRODUCT_BUNDLE_IDENTIFIER = JamesRogers.ARGameUITests;
				PRODUCT_NAME = "$(TARGET_NAME)";
				SWIFT_VERSION = 3.0;
				TEST_TARGET_NAME = ARGame;
			};
			name = Release;
		};
/* End XCBuildConfiguration section */

/* Begin XCConfigurationList section */
		1A44DCB81E55F34C0036E753 /* Build configuration list for PBXProject "ARGame" */ = {
			isa = XCConfigurationList;
			buildConfigurations = (
				1A44DCE71E55F34C0036E753 /* Debug */,
				1A44DCE81E55F34C0036E753 /* Release */,
			);
			defaultConfigurationIsVisible = 0;
			defaultConfigurationName = Release;
		};
		1A44DCE91E55F34C0036E753 /* Build configuration list for PBXNativeTarget "ARGame" */ = {
			isa = XCConfigurationList;
			buildConfigurations = (
				1A44DCEA1E55F34C0036E753 /* Debug */,
				1A44DCEB1E55F34C0036E753 /* Release */,
			);
			defaultConfigurationIsVisible = 0;
			defaultConfigurationName = Release;
		};
		1A44DCEC1E55F34C0036E753 /* Build configuration list for PBXNativeTarget "ARGameTests" */ = {
			isa = XCConfigurationList;
			buildConfigurations = (
				1A44DCED1E55F34C0036E753 /* Debug */,
				1A44DCEE1E55F34C0036E753 /* Release */,
			);
			defaultConfigurationIsVisible = 0;
			defaultConfigurationName = Release;
		};
		1A44DCEF1E55F34C0036E753 /* Build configuration list for PBXNativeTarget "ARGameUITests" */ = {
			isa = XCConfigurationList;
			buildConfigurations = (
				1A44DCF01E55F34C0036E753 /* Debug */,
				1A44DCF11E55F34C0036E753 /* Release */,
			);
			defaultConfigurationIsVisible = 0;
			defaultConfigurationName = Release;
		};
/* End XCConfigurationList section */
	};
	rootObject = 1A44DCB51E55F34C0036E753 /* Project object */;
}
